
Microsoft Visual Studio Solution File, Format Version 12.00
Project("{2150E333-8FDC-42A3-9474-1A3956D46DE8}") = "src", "src", "{1299228C-D2D4-44A3-9A90-232D324AA562}"
EndProject
Project("{2150E333-8FDC-42A3-9474-1A3956D46DE8}") = "tests", "tests", "{DF8F8540-7BA5-481C-821D-6C5B3AEFA556}"
EndProject
Project("{FAE04EC0-301F-11D3-BF4B-00C04F79EFBC}") = "Snowflake", "src\Snowflake\Snowflake.csproj", "{86F4BD63-240C-4EEC-B220-DC09300E6502}"
EndProject
Project("{FAE04EC0-301F-11D3-BF4B-00C04F79EFBC}") = "Snowflake.Tests", "tests\Snowflake.Tests\Snowflake.Tests.csproj", "{A9D4A934-2257-496D-B900-D269BF07CB04}"
EndProject
Global
	GlobalSection(SolutionConfigurationPlatforms) = preSolution
		Debug|Any CPU = Debug|Any CPU
		Release|Any CPU = Release|Any CPU
	EndGlobalSection
	GlobalSection(NestedProjects) = preSolution
		{86F4BD63-240C-4EEC-B220-DC09300E6502} = {1299228C-D2D4-44A3-9A90-232D324AA562}
		{A9D4A934-2257-496D-B900-D269BF07CB04} = {DF8F8540-7BA5-481C-821D-6C5B3AEFA556}
	EndGlobalSection
	GlobalSection(ProjectConfigurationPlatforms) = postSolution
		{86F4BD63-240C-4EEC-B220-DC09300E6502}.Debug|Any CPU.ActiveCfg = Debug|Any CPU
		{86F4BD63-240C-4EEC-B220-DC09300E6502}.Debug|Any CPU.Build.0 = Debug|Any CPU
		{86F4BD63-240C-4EEC-B220-DC09300E6502}.Release|Any CPU.ActiveCfg = Release|Any CPU
		{86F4BD63-240C-4EEC-B220-DC09300E6502}.Release|Any CPU.Build.0 = Release|Any CPU
		{A9D4A934-2257-496D-B900-D269BF07CB04}.Debug|Any CPU.ActiveCfg = Debug|Any CPU
		{A9D4A934-2257-496D-B900-D269BF07CB04}.Debug|Any CPU.Build.0 = Debug|Any CPU
		{A9D4A934-2257-496D-B900-D269BF07CB04}.Release|Any CPU.ActiveCfg = Release|Any CPU
		{A9D4A934-2257-496D-B900-D269BF07CB04}.Release|Any CPU.Build.0 = Release|Any CPU
	EndGlobalSection
EndGlobal
